
Microsoft Visual Studio Solution File, Format Version 12.00
# Visual Studio Version 16
VisualStudioVersion = 16.0.32106.194
MinimumVisualStudioVersion = 10.0.40219.1
Project("{FAE04EC0-301F-11D3-BF4B-00C04F79EFBC}") = "MusicEF", "MusicEF\MusicEF.csproj", "{55D5AB81-EF34-4816-8C7E-F6752A1C444F}"
EndProject
Project("{2150E333-8FDC-42A3-9474-1A3956D46DE8}") = "Solution Items", "Solution Items", "{86FC3368-1D20-479A-BA7A-8BACA76FF266}"
	ProjectSection(SolutionItems) = preProject
		.editorconfig = .editorconfig
		.gitignore = .gitignore
		settings.ruleset = settings.ruleset
	EndProjectSection
EndProject
Global
	GlobalSection(SolutionConfigurationPlatforms) = preSolution
		Debug|Any CPU = Debug|Any CPU
		Release|Any CPU = Release|Any CPU
	EndGlobalSection
	GlobalSection(ProjectConfigurationPlatforms) = postSolution
		{55D5AB81-EF34-4816-8C7E-F6752A1C444F}.Debug|Any CPU.ActiveCfg = Debug|Any CPU
		{55D5AB81-EF34-4816-8C7E-F6752A1C444F}.Debug|Any CPU.Build.0 = Debug|Any CPU
		{55D5AB81-EF34-4816-8C7E-F6752A1C444F}.Release|Any CPU.ActiveCfg = Release|Any CPU
		{55D5AB81-EF34-4816-8C7E-F6752A1C444F}.Release|Any CPU.Build.0 = Release|Any CPU
	EndGlobalSection
	GlobalSection(SolutionProperties) = preSolution
		HideSolutionNode = FALSE
	EndGlobalSection
	GlobalSection(ExtensibilityGlobals) = postSolution
		SolutionGuid = {F95751BF-D07D-472C-8FF2-7313476F24D0}
	EndGlobalSection
EndGlobal
